<Project xmlns="http://schemas.microsoft.com/developer/msbuild/2003">
    <PropertyGroup>
        <ProjectGuid>{5AA7A634-CDB2-46E6-B265-F973C14FFB4B}</ProjectGuid>
        <MainSource>JvSystem.dpk</MainSource>
        <ProjectVersion>17.3</ProjectVersion>
        <Config Condition="'$(Config)'==''">Release</Config>
        <DCC_DCCCompiler>DCC32</DCC_DCCCompiler>
        <FrameworkType>VCL</FrameworkType>
        <Base>True</Base>
        <Platform Condition="'$(Platform)'==''">Win64</Platform>
        <AppType>Package</AppType>
        <TargetedPlatforms>2</TargetedPlatforms>
    </PropertyGroup>
    <PropertyGroup Condition="'$(Config)'=='Base' or '$(Base)'!=''">
        <Base>true</Base>
    </PropertyGroup>
    <PropertyGroup Condition="'$(Config)'=='Release' or '$(Cfg_1)'!=''">
        <Cfg_1>true</Cfg_1>
        <CfgParent>Base</CfgParent>
        <Base>true</Base>
    </PropertyGroup>
    <PropertyGroup Condition="'$(Config)'=='Debug' or '$(Cfg_2)'!=''">
        <Cfg_2>true</Cfg_2>
        <CfgParent>Base</CfgParent>
        <Base>true</Base>
    </PropertyGroup>
    <PropertyGroup Condition="'$(Base)'!=''">
        <SanitizedProjectName>JvSystem</SanitizedProjectName>
        <RuntimeOnlyPackage>true</RuntimeOnlyPackage>
        <DCC_OutputNeverBuildDcps>true</DCC_OutputNeverBuildDcps>
        <DCC_Description>JVCL System Components Runtime Package</DCC_Description>
        <DCC_ImageBase>49D00000</DCC_ImageBase>
        <DCC_UnitAlias>WinTypes=Windows;WinProcs=Windows;DbiTypes=BDE;DbiProcs=BDE;DbiErrs=BDE;$(DCC_UnitAlias)</DCC_UnitAlias>
        <DllSuffix>230</DllSuffix>
        <DCC_Platform>x86</DCC_Platform>
        <DCC_UnitSearchPath>..\..\run;..\..\common;..\..\resources;$(DCC_UnitSearchPath)</DCC_UnitSearchPath>
        <DCC_ResourcePath>..\..\resources;$(DCC_ResourcePath)</DCC_ResourcePath>
        <GenDll>true</GenDll>
        <DCC_SymbolReferenceInfo>0</DCC_SymbolReferenceInfo>
        <GenPackage>true</GenPackage>
        <DCC_DependencyCheckOutputName>$(_EnvPackageOutput)\JvSystem.bpl</DCC_DependencyCheckOutputName>
    </PropertyGroup>
    <PropertyGroup Condition="'$(Cfg_1)'!=''">
        <DCC_LocalDebugSymbols>false</DCC_LocalDebugSymbols>
        <DCC_Define>RELEASE;$(DCC_Define)</DCC_Define>
        <DCC_DebugInformation>0</DCC_DebugInformation>
        <DCC_UnitSearchPath>..\..\lib\d23\win32;$(DCC_UnitSearchPath)</DCC_UnitSearchPath>
        <DCC_DcpOutput>..\..\lib\d23\win32</DCC_DcpOutput>
        <DCC_DcuOutput>..\..\lib\d23\win32</DCC_DcuOutput>
        <DCC_Namespace>System;System.Win;WinApi;Vcl;Vcl.Imaging;Data;Data.Win;$(DCC_Namespace)</DCC_Namespace>
    </PropertyGroup>
    <PropertyGroup Condition="'$(Cfg_2)'!=''">
        <DCC_Define>DEBUG;$(DCC_Define)</DCC_Define>
        <DCC_SymbolReferenceInfo>2</DCC_SymbolReferenceInfo>
        <DCC_UnitSearchPath>..\..\lib\d23\win32\debug;$(DCC_UnitSearchPath)</DCC_UnitSearchPath>
        <DCC_DcpOutput>..\..\lib\d23\win32\debug</DCC_DcpOutput>
        <DCC_DcuOutput>..\..\lib\d23\win32\debug</DCC_DcuOutput>
        <DCC_Namespace>System;System.Win;WinApi;Vcl;Vcl.Imaging;Data;Data.Win;$(DCC_Namespace)</DCC_Namespace>
    </PropertyGroup>
    <ItemGroup>
        <DelphiCompile Include="$(MainSource)">
            <MainSource>MainSource</MainSource>
        </DelphiCompile>
        <DCCReference Include="JvCore.dcp"/>
        <DCCReference Include="Jcl.dcp"/>
        <DCCReference Include="rtl.dcp"/>
        <DCCReference Include="vcl.dcp"/>
        <DCCReference Include="vclx.dcp"/>
        <DCCReference Include="vclimg.dcp"/>
        <DCCReference Include="..\..\run\Ras32.pas"/>
        <DCCReference Include="..\..\run\Hid.pas"/>
        <DCCReference Include="..\..\run\HidToken.pas"/>
        <DCCReference Include="..\..\run\HidUsage.pas"/>
        <DCCReference Include="..\..\run\ModuleLoader.pas"/>
        <DCCReference Include="..\..\run\WinConvTypes.pas"/>
        <DCCReference Include="..\..\run\DBT.pas"/>
        <DCCReference Include="..\..\run\JvSetupApi.pas"/>
        <DCCReference Include="..\..\run\JvXmlDatabase.pas"/>
        <DCCReference Include="..\..\run\JvAppInst.pas"/>
        <DCCReference Include="..\..\run\JvChangeNotify.pas"/>
        <DCCReference Include="..\..\run\JvClipboardMonitor.pas"/>
        <DCCReference Include="..\..\run\JvClipboardViewer.pas"/>
        <DCCReference Include="..\..\run\JvCommStatus.pas"/>
        <DCCReference Include="..\..\run\JvDdeCmd.pas"/>
        <DCCReference Include="..\..\run\JvDragDrop.pas"/>
        <DCCReference Include="..\..\run\JvFormPlacement.pas"/>
        <DCCReference Include="..\..\run\JvFormPlacementSelectList.pas"/>
        <DCCReference Include="..\..\run\JvHidControllerClass.pas"/>
        <DCCReference Include="..\..\run\JvJoystick.pas"/>
        <DCCReference Include="..\..\run\JvMRUList.pas"/>
        <DCCReference Include="..\..\run\JvMRUManager.pas"/>
        <DCCReference Include="..\..\run\JvNTEventLog.pas"/>
        <DCCReference Include="..\..\run\JvPerfMon95.pas"/>
        <DCCReference Include="..\..\run\JvRas32.pas"/>
        <DCCReference Include="..\..\run\JvScreenResolution.pas"/>
        <DCCReference Include="..\..\run\JvScreenSaver.pas"/>
        <DCCReference Include="..\..\run\JvSearchFiles.pas"/>
        <DCCReference Include="..\..\run\JvShellHook.pas"/>
        <DCCReference Include="..\..\run\JvSHFileOperation.pas"/>
        <DCCReference Include="..\..\run\JvSimpleXml.pas"/>
        <DCCReference Include="..\..\run\JvSoundControl.pas"/>
        <DCCReference Include="..\..\run\JvThread.pas"/>
        <DCCReference Include="..\..\run\JvThreadDialog.pas"/>
        <DCCReference Include="..\..\run\JvThreadTimer.pas"/>
        <DCCReference Include="..\..\run\JvTimer.pas"/>
        <DCCReference Include="..\..\run\JvTimerList.pas"/>
        <DCCReference Include="..\..\run\JvWndProcHook.pas"/>
        <DCCReference Include="..\..\run\JvDebugHandler.pas"/>
        <DCCReference Include="..\..\run\JvAppXMLStorage.pas"/>
        <DCCReference Include="..\..\run\JvComputerInfoEx.pas"/>
        <DCCReference Include="..\..\run\JvAppCommand.pas"/>
        <DCCReference Include="..\..\run\JvScreenSaveSuppress.pas"/>
        <DCCReference Include="..\..\run\JvSysRequirements.pas"/>
        <DCCReference Include="..\..\run\JvMailSlots.pas"/>
        <BuildConfiguration Include="Debug">
            <Key>Cfg_2</Key>
            <CfgParent>Base</CfgParent>
        </BuildConfiguration>
        <BuildConfiguration Include="Base">
            <Key>Base</Key>
        </BuildConfiguration>
        <BuildConfiguration Include="Release">
            <Key>Cfg_1</Key>
            <CfgParent>Base</CfgParent>
        </BuildConfiguration>
    </ItemGroup>
    <Import Condition="Exists('$(BDS)\Bin\CodeGear.Delphi.Targets')" Project="$(BDS)\Bin\CodeGear.Delphi.Targets"/>
    <ProjectExtensions>
        <Borland.Personality>Delphi.Personality.12</Borland.Personality>
        <Borland.ProjectType>Package</Borland.ProjectType>
        <BorlandProject>
            <Delphi.Personality>
                <Parameters>
                    <Parameters Name="UseLauncher">False</Parameters>
                    <Parameters Name="LoadAllSymbols">True</Parameters>
                    <Parameters Name="LoadUnspecifiedSymbols">False</Parameters>
                </Parameters>
                <VersionInfo>
                    <VersionInfo Name="IncludeVerInfo">True</VersionInfo>
                    <VersionInfo Name="AutoIncBuild">False</VersionInfo>
                    <VersionInfo Name="MajorVer">3</VersionInfo>
                    <VersionInfo Name="MinorVer">41</VersionInfo>
                    <VersionInfo Name="Release">0</VersionInfo>
                    <VersionInfo Name="Build">0</VersionInfo>
                    <VersionInfo Name="Debug">False</VersionInfo>
                    <VersionInfo Name="PreRelease">False</VersionInfo>
                    <VersionInfo Name="Special">False</VersionInfo>
                    <VersionInfo Name="Private">False</VersionInfo>
                    <VersionInfo Name="DLL">False</VersionInfo>
                    <VersionInfo Name="Locale">1033</VersionInfo>
                    <VersionInfo Name="CodePage">1252</VersionInfo>
                </VersionInfo>
                <VersionInfoKeys>
                    <VersionInfoKeys Name="CompanyName">Project JEDI</VersionInfoKeys>
                    <VersionInfoKeys Name="FileDescription">JVCL System Components Runtime Package</VersionInfoKeys>
                    <VersionInfoKeys Name="FileVersion">3.41.0.0</VersionInfoKeys>
                    <VersionInfoKeys Name="InternalName">JvSystem</VersionInfoKeys>
                    <VersionInfoKeys Name="LegalCopyright">Copyright (C) 1999, 2013 Project JEDI</VersionInfoKeys>
                    <VersionInfoKeys Name="LegalTrademarks"/>
                    <VersionInfoKeys Name="OriginalFilename">JvSystem230.bpl</VersionInfoKeys>
                    <VersionInfoKeys Name="ProductName">JEDI Visual Component Library</VersionInfoKeys>
                    <VersionInfoKeys Name="ProductVersion">3.41.0.0</VersionInfoKeys>
                    <VersionInfoKeys Name="Comments">3.41 Build 0</VersionInfoKeys>
                </VersionInfoKeys>
                <Source>
                    <Source Name="MainSource">JvSystem.dpk</Source>
                </Source>
            </Delphi.Personality>
            <Platforms>
                <Platform value="Android">False</Platform>
                <Platform value="iOSDevice">False</Platform>
                <Platform value="iOSSimulator" ActiveMobileDevice="iPhone">False</Platform>
                <Platform value="OSX32">False</Platform>
                <Platform value="Win32">False</Platform>
                <Platform value="Win64">True</Platform>
            </Platforms>
        </BorlandProject>
        <ProjectFileVersion>12</ProjectFileVersion>
    </ProjectExtensions>
    <Import Condition="Exists('$(APPDATA)\Embarcadero\$(BDSAPPDATABASEDIR)\$(PRODUCTVERSION)\UserTools.proj')" Project="$(APPDATA)\Embarcadero\$(BDSAPPDATABASEDIR)\$(PRODUCTVERSION)\UserTools.proj"/>
</Project>
