<Project xmlns="http://schemas.microsoft.com/developer/msbuild/2003">
  <PropertyGroup>
    <ProjectGuid>{27a7b005-bb66-4856-a972-9934f6ba8f43}</ProjectGuid>
    <MainSource>JVCLInstall.dpr</MainSource>
    <Configuration Condition=" '$(Configuration)' == '' ">Debug</Configuration>
    <Platform Condition=" '$(Platform)' == '' ">AnyCPU</Platform>
    <DCC_DCCCompiler>DCC32</DCC_DCCCompiler>
    <DCC_DependencyCheckOutputName>..\..\bin\JVCLInstall.exe</DCC_DependencyCheckOutputName>
  </PropertyGroup>
  <PropertyGroup Condition=" '$(Configuration)|$(Platform)' == 'Release|AnyCPU' ">
    <Version>7.0</Version>
    <DCC_DebugInformation>False</DCC_DebugInformation>
    <DCC_LocalDebugSymbols>False</DCC_LocalDebugSymbols>
    <DCC_SymbolReferenceInfo>0</DCC_SymbolReferenceInfo>
    <DCC_MapFile>3</DCC_MapFile>
    <DCC_ExeOutput>..\..\bin</DCC_ExeOutput>
    <DCC_DcuOutput>..\..\dcu</DCC_DcuOutput>
    <DCC_ObjOutput>..\..\dcu</DCC_ObjOutput>
    <DCC_HppOutput>..\..\dcu</DCC_HppOutput>
    <DCC_Define>NO_JCL;USE_DXGETTEXT;DEFAULT_JVCL_INC;DEBUG;RELEASE</DCC_Define>
    <DCC_UNSAFE_TYPE>True</DCC_UNSAFE_TYPE>
    <DCC_UNSAFE_CODE>True</DCC_UNSAFE_CODE>
    <DCC_UNSAFE_CAST>True</DCC_UNSAFE_CAST>
  </PropertyGroup>
  <PropertyGroup Condition=" '$(Configuration)|$(Platform)' == 'Debug|AnyCPU' ">
    <Version>7.0</Version>
    <DCC_MapFile>3</DCC_MapFile>
    <DCC_ExeOutput>..\..\bin</DCC_ExeOutput>
    <DCC_DcuOutput>..\..\dcu</DCC_DcuOutput>
    <DCC_ObjOutput>..\..\dcu</DCC_ObjOutput>
    <DCC_HppOutput>..\..\dcu</DCC_HppOutput>
    <DCC_Define>NO_JCL;USE_DXGETTEXT;DEFAULT_JVCL_INC;DEBUG;DEBUG</DCC_Define>
    <DCC_UNSAFE_TYPE>True</DCC_UNSAFE_TYPE>
    <DCC_UNSAFE_CODE>True</DCC_UNSAFE_CODE>
    <DCC_UNSAFE_CAST>True</DCC_UNSAFE_CAST>
  </PropertyGroup>
  <ProjectExtensions>
    <Borland.Personality>Delphi.Personality</Borland.Personality>
    <Borland.ProjectType />
    <BorlandProject>
<BorlandProject xmlns=""> <Delphi.Personality>   <Parameters>
      <Parameters Name="RunParams">--ignore-ide</Parameters>
      <Parameters Name="UseLauncher">False</Parameters>
      <Parameters Name="LoadAllSymbols">True</Parameters>
      <Parameters Name="LoadUnspecifiedSymbols">False</Parameters>
    </Parameters>
    <VersionInfo>
      <VersionInfo Name="IncludeVerInfo">False</VersionInfo>
      <VersionInfo Name="AutoIncBuild">False</VersionInfo>
      <VersionInfo Name="MajorVer">1</VersionInfo>
      <VersionInfo Name="MinorVer">0</VersionInfo>
      <VersionInfo Name="Release">0</VersionInfo>
      <VersionInfo Name="Build">0</VersionInfo>
      <VersionInfo Name="Debug">False</VersionInfo>
      <VersionInfo Name="PreRelease">False</VersionInfo>
      <VersionInfo Name="Special">False</VersionInfo>
      <VersionInfo Name="Private">False</VersionInfo>
      <VersionInfo Name="DLL">False</VersionInfo>
      <VersionInfo Name="Locale">1031</VersionInfo>
      <VersionInfo Name="CodePage">1252</VersionInfo>
    </VersionInfo>
    <VersionInfoKeys>
      <VersionInfoKeys Name="FileVersion">1.0.0.0</VersionInfoKeys>
      <VersionInfoKeys Name="ProductVersion">1.0.0.0</VersionInfoKeys>
    </VersionInfoKeys>
    <Source>
      <Source Name="MainSource">JVCLInstall.dpr</Source>
    </Source>
  </Delphi.Personality> </BorlandProject></BorlandProject>
  </ProjectExtensions>
  <ItemGroup />
  <ItemGroup>
    <DelphiCompile Include="JVCLInstall.dpr">
      <MainSource>MainSource</MainSource>
    </DelphiCompile>
    <DCCReference Include="..\..\devtools\common\PackageInformation.pas" />
    <DCCReference Include="..\..\devtools\PackagesGenerator\ConditionParser.pas" />
    <DCCReference Include="..\..\devtools\PackagesGenerator\FileUtils.pas" />
    <DCCReference Include="..\..\devtools\PackagesGenerator\GenerateUtils.pas" />
    <DCCReference Include="CmdLineUtils.pas" />
    <DCCReference Include="Compile.pas" />
    <DCCReference Include="Core.pas" />
    <DCCReference Include="Dcc32FileAgePatch.pas" />
    <DCCReference Include="DelphiData.pas" />
    <DCCReference Include="Frames\FrmConfigPage.pas">
      <Form>FrameConfigPage</Form>
      <DesignClass>TFrame</DesignClass>
    </DCCReference>
    <DCCReference Include="Frames\FrmDirEditBrowse.pas">
      <Form>FrameDirEditBrowse</Form>
      <DesignClass>TFrame</DesignClass>
    </DCCReference>
    <DCCReference Include="Frames\FrmInstall.pas">
      <Form>FrameInstall</Form>
      <DesignClass>TFrame</DesignClass>
    </DCCReference>
    <DCCReference Include="Frames\FrmPackageSelection.pas">
      <Form>FramePackageSelection</Form>
      <DesignClass>TFrame</DesignClass>
    </DCCReference>
    <DCCReference Include="Frames\FrmUninstall.pas">
      <Form>FrameUninstall</Form>
      <DesignClass>TFrame</DesignClass>
    </DCCReference>
    <DCCReference Include="FrmCompile.pas">
      <Form>FormCompile</Form>
    </DCCReference>
    <DCCReference Include="FrmCompileMessages.pas">
      <Form>FormCompileMessages</Form>
    </DCCReference>
    <DCCReference Include="Helpers\AHCompBrowseFolderDlg.pas" />
    <DCCReference Include="Helpers\CapExec.pas" />
    <DCCReference Include="Helpers\dpp_PascalParser.pas" />
    <DCCReference Include="Helpers\HtHint.pas" />
    <DCCReference Include="Helpers\JVCLConfiguration.pas" />
    <DCCReference Include="Helpers\MainConfig.pas">
      <Form>FormJvclIncConfig</Form>
    </DCCReference>
    <DCCReference Include="InstallerConsts.pas" />
    <DCCReference Include="Intf.pas" />
    <DCCReference Include="JCLData.pas" />
    <DCCReference Include="JediRegInfo.pas" />
    <DCCReference Include="JVCL3Install.pas" />
    <DCCReference Include="JVCLData.pas" />
    <DCCReference Include="Main.pas">
      <Form>FormMain</Form>
    </DCCReference>
    <DCCReference Include="MissingPropertyFix.pas" />
    <DCCReference Include="PackageUtils.pas" />
    <DCCReference Include="PageBuilder.pas" />
    <DCCReference Include="Pages\PgConfig.pas" />
    <DCCReference Include="Pages\PgIDESelection.pas" />
    <DCCReference Include="Pages\PgInstall.pas" />
    <DCCReference Include="Pages\PgPackageSelection.pas" />
    <DCCReference Include="Pages\PgSummary.pas" />
    <DCCReference Include="Pages\PgUninstall.pas" />
    <DCCReference Include="RegConfig.pas" />
    <DCCReference Include="Utils.pas" />
  </ItemGroup>
  <Import Project="$(MSBuildBinPath)\Borland.Delphi.Targets" />
</Project>